
Microsoft Visual Studio Solution File, Format Version 10.00
# Visual Studio 2008
Project("{FAE04EC0-301F-11D3-BF4B-00C04F79EFBC}") = "Life", "Life\Life.csproj", "{7726D1BB-4466-4091-BED9-20D7D1C9D034}"
EndProject
Project("{FAE04EC0-301F-11D3-BF4B-00C04F79EFBC}") = "Life.Engine", "Engine\Life.Engine.csproj", "{D288AC71-F686-490C-A78C-8193FED731B0}"
EndProject
Global
	GlobalSection(SolutionConfigurationPlatforms) = preSolution
		Debug|Any CPU = Debug|Any CPU
		Release|Any CPU = Release|Any CPU
	EndGlobalSection
	GlobalSection(ProjectConfigurationPlatforms) = postSolution
		{7726D1BB-4466-4091-BED9-20D7D1C9D034}.Debug|Any CPU.ActiveCfg = Debug|Any CPU
		{7726D1BB-4466-4091-BED9-20D7D1C9D034}.Debug|Any CPU.Build.0 = Debug|Any CPU
		{7726D1BB-4466-4091-BED9-20D7D1C9D034}.Release|Any CPU.ActiveCfg = Release|Any CPU
		{7726D1BB-4466-4091-BED9-20D7D1C9D034}.Release|Any CPU.Build.0 = Release|Any CPU
		{D288AC71-F686-490C-A78C-8193FED731B0}.Debug|Any CPU.ActiveCfg = Debug|Any CPU
		{D288AC71-F686-490C-A78C-8193FED731B0}.Debug|Any CPU.Build.0 = Debug|Any CPU
		{D288AC71-F686-490C-A78C-8193FED731B0}.Release|Any CPU.ActiveCfg = Release|Any CPU
		{D288AC71-F686-490C-A78C-8193FED731B0}.Release|Any CPU.Build.0 = Release|Any CPU
	EndGlobalSection
	GlobalSection(SolutionProperties) = preSolution
		HideSolutionNode = FALSE
	EndGlobalSection
EndGlobal
